
Microsoft Visual Studio Solution File, Format Version 12.00
# Visual Studio Version 17
VisualStudioVersion = 17.3.32825.248
MinimumVisualStudioVersion = 10.0.40219.1
Project("{FAE04EC0-301F-11D3-BF4B-00C04F79EFBC}") = "CSharpForUniversity", "CSharpForUniversity.csproj", "{AED59690-24E9-406A-B898-B70D9586ECE8}"
EndProject
Global
	GlobalSection(SolutionConfigurationPlatforms) = preSolution
		Debug|Any CPU = Debug|Any CPU
		Release|Any CPU = Release|Any CPU
	EndGlobalSection
	GlobalSection(ProjectConfigurationPlatforms) = postSolution
		{AED59690-24E9-406A-B898-B70D9586ECE8}.Debug|Any CPU.ActiveCfg = Debug|Any CPU
		{AED59690-24E9-406A-B898-B70D9586ECE8}.Debug|Any CPU.Build.0 = Debug|Any CPU
		{AED59690-24E9-406A-B898-B70D9586ECE8}.Release|Any CPU.ActiveCfg = Release|Any CPU
		{AED59690-24E9-406A-B898-B70D9586ECE8}.Release|Any CPU.Build.0 = Release|Any CPU
	EndGlobalSection
	GlobalSection(SolutionProperties) = preSolution
		HideSolutionNode = FALSE
	EndGlobalSection
	GlobalSection(ExtensibilityGlobals) = postSolution
		SolutionGuid = {C85725F9-00A7-491D-9A5B-869937040E5B}
	EndGlobalSection
EndGlobal
